
Microsoft Visual Studio Solution File, Format Version 12.00
# Visual Studio Version 16
VisualStudioVersion = 16.0.31624.102
MinimumVisualStudioVersion = 10.0.40219.1
Project("{FAE04EC0-301F-11D3-BF4B-00C04F79EFBC}") = "WPF_App", "WPF_App.csproj", "{51B77E34-2A0D-4883-A11E-D1996A681694}"
EndProject
Global
	GlobalSection(SolutionConfigurationPlatforms) = preSolution
		Debug|Any CPU = Debug|Any CPU
		Release|Any CPU = Release|Any CPU
	EndGlobalSection
	GlobalSection(ProjectConfigurationPlatforms) = postSolution
		{51B77E34-2A0D-4883-A11E-D1996A681694}.Debug|Any CPU.ActiveCfg = Debug|Any CPU
		{51B77E34-2A0D-4883-A11E-D1996A681694}.Debug|Any CPU.Build.0 = Debug|Any CPU
		{51B77E34-2A0D-4883-A11E-D1996A681694}.Release|Any CPU.ActiveCfg = Release|Any CPU
		{51B77E34-2A0D-4883-A11E-D1996A681694}.Release|Any CPU.Build.0 = Release|Any CPU
	EndGlobalSection
	GlobalSection(SolutionProperties) = preSolution
		HideSolutionNode = FALSE
	EndGlobalSection
	GlobalSection(ExtensibilityGlobals) = postSolution
		SolutionGuid = {72D4CD40-F16D-46AF-B25C-C1E4B667E372}
	EndGlobalSection
EndGlobal
